
Microsoft Visual Studio Solution File, Format Version 12.00
# Visual Studio 15
VisualStudioVersion = 15.0.28307.271
MinimumVisualStudioVersion = 10.0.40219.1
Project("{9A19103F-16F7-4668-BE54-9A1E7A4F7556}") = "ConsumerData.Core", "ConsumerData.Core\ConsumerData.Core.csproj", "{FA0A51C5-FF00-438A-AA35-3AFE7D2EF90C}"
EndProject
Global
	GlobalSection(SolutionConfigurationPlatforms) = preSolution
		Debug|Any CPU = Debug|Any CPU
		Release|Any CPU = Release|Any CPU
	EndGlobalSection
	GlobalSection(ProjectConfigurationPlatforms) = postSolution
		{FA0A51C5-FF00-438A-AA35-3AFE7D2EF90C}.Debug|Any CPU.ActiveCfg = Debug|Any CPU
		{FA0A51C5-FF00-438A-AA35-3AFE7D2EF90C}.Debug|Any CPU.Build.0 = Debug|Any CPU
		{FA0A51C5-FF00-438A-AA35-3AFE7D2EF90C}.Release|Any CPU.ActiveCfg = Release|Any CPU
		{FA0A51C5-FF00-438A-AA35-3AFE7D2EF90C}.Release|Any CPU.Build.0 = Release|Any CPU
	EndGlobalSection
	GlobalSection(SolutionProperties) = preSolution
		HideSolutionNode = FALSE
	EndGlobalSection
	GlobalSection(ExtensibilityGlobals) = postSolution
		SolutionGuid = {80DE3F32-16DD-451C-980E-0657EEFCB649}
	EndGlobalSection
EndGlobal
